
Microsoft Visual Studio Solution File, Format Version 12.00
# Visual Studio Version 16
VisualStudioVersion = 16.0.29911.84
MinimumVisualStudioVersion = 10.0.40219.1
Project("{FAE04EC0-301F-11D3-BF4B-00C04F79EFBC}") = "SuperConsole", "SuperConsole\SuperConsole.csproj", "{A962E06C-8909-465C-B0A4-E5F0354B4877}"
EndProject
Global
	GlobalSection(SolutionConfigurationPlatforms) = preSolution
		Debug|Any CPU = Debug|Any CPU
		Release|Any CPU = Release|Any CPU
	EndGlobalSection
	GlobalSection(ProjectConfigurationPlatforms) = postSolution
		{A962E06C-8909-465C-B0A4-E5F0354B4877}.Debug|Any CPU.ActiveCfg = Debug|Any CPU
		{A962E06C-8909-465C-B0A4-E5F0354B4877}.Debug|Any CPU.Build.0 = Debug|Any CPU
		{A962E06C-8909-465C-B0A4-E5F0354B4877}.Release|Any CPU.ActiveCfg = Release|Any CPU
		{A962E06C-8909-465C-B0A4-E5F0354B4877}.Release|Any CPU.Build.0 = Release|Any CPU
	EndGlobalSection
	GlobalSection(SolutionProperties) = preSolution
		HideSolutionNode = FALSE
	EndGlobalSection
	GlobalSection(ExtensibilityGlobals) = postSolution
		SolutionGuid = {AED83035-669E-4E84-86CE-C68CE18844B0}
	EndGlobalSection
EndGlobal
